
Microsoft Visual Studio Solution File, Format Version 12.00
# Visual Studio 15
VisualStudioVersion = 15.0.26730.16
MinimumVisualStudioVersion = 10.0.40219.1
Project("{FAE04EC0-301F-11D3-BF4B-00C04F79EFBC}") = "MWIS", "MWIS\MWIS.csproj", "{0A86C7F2-B3A7-4A60-BD4A-B13F50E2288E}"
EndProject
Project("{FAE04EC0-301F-11D3-BF4B-00C04F79EFBC}") = "MWISTest", "MWISTest\MWISTest.csproj", "{A476CAD2-182E-4170-9314-BC815480202C}"
EndProject
Global
	GlobalSection(SolutionConfigurationPlatforms) = preSolution
		Debug|Any CPU = Debug|Any CPU
		Release|Any CPU = Release|Any CPU
	EndGlobalSection
	GlobalSection(ProjectConfigurationPlatforms) = postSolution
		{0A86C7F2-B3A7-4A60-BD4A-B13F50E2288E}.Debug|Any CPU.ActiveCfg = Debug|Any CPU
		{0A86C7F2-B3A7-4A60-BD4A-B13F50E2288E}.Debug|Any CPU.Build.0 = Debug|Any CPU
		{0A86C7F2-B3A7-4A60-BD4A-B13F50E2288E}.Release|Any CPU.ActiveCfg = Release|Any CPU
		{0A86C7F2-B3A7-4A60-BD4A-B13F50E2288E}.Release|Any CPU.Build.0 = Release|Any CPU
		{A476CAD2-182E-4170-9314-BC815480202C}.Debug|Any CPU.ActiveCfg = Debug|Any CPU
		{A476CAD2-182E-4170-9314-BC815480202C}.Debug|Any CPU.Build.0 = Debug|Any CPU
		{A476CAD2-182E-4170-9314-BC815480202C}.Release|Any CPU.ActiveCfg = Release|Any CPU
		{A476CAD2-182E-4170-9314-BC815480202C}.Release|Any CPU.Build.0 = Release|Any CPU
	EndGlobalSection
	GlobalSection(SolutionProperties) = preSolution
		HideSolutionNode = FALSE
	EndGlobalSection
	GlobalSection(ExtensibilityGlobals) = postSolution
		SolutionGuid = {6BCA771E-843B-4E2F-B7DD-CDBE2AE09E6B}
	EndGlobalSection
EndGlobal
